
Microsoft Visual Studio Solution File, Format Version 12.00
# Visual Studio Version 17
VisualStudioVersion = 17.0.32112.339
MinimumVisualStudioVersion = 10.0.40219.1
Project("{FAE04EC0-301F-11D3-BF4B-00C04F79EFBC}") = "AdapterSample", "AdapterSample.csproj", "{686B08F1-DF72-4609-BD08-6829D2470A65}"
EndProject
Global
	GlobalSection(SolutionConfigurationPlatforms) = preSolution
		Debug|Any CPU = Debug|Any CPU
		Release|Any CPU = Release|Any CPU
	EndGlobalSection
	GlobalSection(ProjectConfigurationPlatforms) = postSolution
		{686B08F1-DF72-4609-BD08-6829D2470A65}.Debug|Any CPU.ActiveCfg = Debug|Any CPU
		{686B08F1-DF72-4609-BD08-6829D2470A65}.Debug|Any CPU.Build.0 = Debug|Any CPU
		{686B08F1-DF72-4609-BD08-6829D2470A65}.Release|Any CPU.ActiveCfg = Release|Any CPU
		{686B08F1-DF72-4609-BD08-6829D2470A65}.Release|Any CPU.Build.0 = Release|Any CPU
	EndGlobalSection
	GlobalSection(SolutionProperties) = preSolution
		HideSolutionNode = FALSE
	EndGlobalSection
	GlobalSection(ExtensibilityGlobals) = postSolution
		SolutionGuid = {DADDE34C-C3AD-49AC-A7E0-08C1EB9BAF85}
	EndGlobalSection
EndGlobal
