
Microsoft Visual Studio Solution File, Format Version 12.00
# Visual Studio Version 16
VisualStudioVersion = 16.0.31410.357
MinimumVisualStudioVersion = 10.0.40219.1
Project("{FAE04EC0-301F-11D3-BF4B-00C04F79EFBC}") = "PptxMultiPath2WpfShapePathSample", "PptxMultiPath2WpfShapePathSample\PptxMultiPath2WpfShapePathSample.csproj", "{C7371D57-D3A6-47EF-8C6D-D4298A060057}"
EndProject
Global
	GlobalSection(SolutionConfigurationPlatforms) = preSolution
		Debug|Any CPU = Debug|Any CPU
		Release|Any CPU = Release|Any CPU
	EndGlobalSection
	GlobalSection(ProjectConfigurationPlatforms) = postSolution
		{C7371D57-D3A6-47EF-8C6D-D4298A060057}.Debug|Any CPU.ActiveCfg = Debug|Any CPU
		{C7371D57-D3A6-47EF-8C6D-D4298A060057}.Debug|Any CPU.Build.0 = Debug|Any CPU
		{C7371D57-D3A6-47EF-8C6D-D4298A060057}.Release|Any CPU.ActiveCfg = Release|Any CPU
		{C7371D57-D3A6-47EF-8C6D-D4298A060057}.Release|Any CPU.Build.0 = Release|Any CPU
	EndGlobalSection
	GlobalSection(SolutionProperties) = preSolution
		HideSolutionNode = FALSE
	EndGlobalSection
	GlobalSection(ExtensibilityGlobals) = postSolution
		SolutionGuid = {1EB50515-587E-4C83-932F-746AE984AFB6}
	EndGlobalSection
EndGlobal
