
Microsoft Visual Studio Solution File, Format Version 12.00
# Visual Studio Version 17
VisualStudioVersion = 17.0.31717.71
MinimumVisualStudioVersion = 10.0.40219.1
Project("{FAE04EC0-301F-11D3-BF4B-00C04F79EFBC}") = "ArcToCubicBezierSample", "ArcToCubicBezierSample\ArcToCubicBezierSample.csproj", "{3FF3A1F3-E84B-4E91-B55C-E984DC919802}"
EndProject
Global
	GlobalSection(SolutionConfigurationPlatforms) = preSolution
		Debug|Any CPU = Debug|Any CPU
		Release|Any CPU = Release|Any CPU
	EndGlobalSection
	GlobalSection(ProjectConfigurationPlatforms) = postSolution
		{3FF3A1F3-E84B-4E91-B55C-E984DC919802}.Debug|Any CPU.ActiveCfg = Debug|Any CPU
		{3FF3A1F3-E84B-4E91-B55C-E984DC919802}.Debug|Any CPU.Build.0 = Debug|Any CPU
		{3FF3A1F3-E84B-4E91-B55C-E984DC919802}.Release|Any CPU.ActiveCfg = Release|Any CPU
		{3FF3A1F3-E84B-4E91-B55C-E984DC919802}.Release|Any CPU.Build.0 = Release|Any CPU
	EndGlobalSection
	GlobalSection(SolutionProperties) = preSolution
		HideSolutionNode = FALSE
	EndGlobalSection
	GlobalSection(ExtensibilityGlobals) = postSolution
		SolutionGuid = {AFB9954C-105C-4950-8DBF-5E5585F06C61}
	EndGlobalSection
EndGlobal
