
Microsoft Visual Studio Solution File, Format Version 12.00
# Visual Studio Version 16
VisualStudioVersion = 16.0.31205.134
MinimumVisualStudioVersion = 10.0.40219.1
Project("{9A19103F-16F7-4668-BE54-9A1E7A4F7556}") = "LoadUnManageDLL", "LoadUnManageDLL.csproj", "{0C13A167-F6D9-41B3-9291-C2B919A48906}"
EndProject
Global
	GlobalSection(SolutionConfigurationPlatforms) = preSolution
		Debug|Any CPU = Debug|Any CPU
		Debug|x86 = Debug|x86
		Release|Any CPU = Release|Any CPU
		Release|x86 = Release|x86
	EndGlobalSection
	GlobalSection(ProjectConfigurationPlatforms) = postSolution
		{0C13A167-F6D9-41B3-9291-C2B919A48906}.Debug|Any CPU.ActiveCfg = Debug|Any CPU
		{0C13A167-F6D9-41B3-9291-C2B919A48906}.Debug|Any CPU.Build.0 = Debug|Any CPU
		{0C13A167-F6D9-41B3-9291-C2B919A48906}.Debug|x86.ActiveCfg = Debug|x86
		{0C13A167-F6D9-41B3-9291-C2B919A48906}.Debug|x86.Build.0 = Debug|x86
		{0C13A167-F6D9-41B3-9291-C2B919A48906}.Release|Any CPU.ActiveCfg = Release|Any CPU
		{0C13A167-F6D9-41B3-9291-C2B919A48906}.Release|Any CPU.Build.0 = Release|Any CPU
		{0C13A167-F6D9-41B3-9291-C2B919A48906}.Release|x86.ActiveCfg = Release|x86
		{0C13A167-F6D9-41B3-9291-C2B919A48906}.Release|x86.Build.0 = Release|x86
	EndGlobalSection
	GlobalSection(SolutionProperties) = preSolution
		HideSolutionNode = FALSE
	EndGlobalSection
	GlobalSection(ExtensibilityGlobals) = postSolution
		SolutionGuid = {E6EE8CBF-11B9-44E6-A139-5A530B89EEC6}
	EndGlobalSection
EndGlobal
