
Microsoft Visual Studio Solution File, Format Version 12.00
# Visual Studio Version 17
VisualStudioVersion = 17.0.31612.314
MinimumVisualStudioVersion = 10.0.40219.1
Project("{FAE04EC0-301F-11D3-BF4B-00C04F79EFBC}") = "OpenxmlActToSvgSample", "OpenxmlActToSvgSample\OpenxmlActToSvgSample.csproj", "{D4ED0E40-8333-40C1-8B9D-337D2C2FF676}"
EndProject
Global
	GlobalSection(SolutionConfigurationPlatforms) = preSolution
		Debug|Any CPU = Debug|Any CPU
		Release|Any CPU = Release|Any CPU
	EndGlobalSection
	GlobalSection(ProjectConfigurationPlatforms) = postSolution
		{D4ED0E40-8333-40C1-8B9D-337D2C2FF676}.Debug|Any CPU.ActiveCfg = Debug|Any CPU
		{D4ED0E40-8333-40C1-8B9D-337D2C2FF676}.Debug|Any CPU.Build.0 = Debug|Any CPU
		{D4ED0E40-8333-40C1-8B9D-337D2C2FF676}.Release|Any CPU.ActiveCfg = Release|Any CPU
		{D4ED0E40-8333-40C1-8B9D-337D2C2FF676}.Release|Any CPU.Build.0 = Release|Any CPU
	EndGlobalSection
	GlobalSection(SolutionProperties) = preSolution
		HideSolutionNode = FALSE
	EndGlobalSection
	GlobalSection(ExtensibilityGlobals) = postSolution
		SolutionGuid = {120357ED-0846-4102-A180-D84558E5C84B}
	EndGlobalSection
EndGlobal
