
Microsoft Visual Studio Solution File, Format Version 12.00
# Visual Studio Version 17
VisualStudioVersion = 17.0.31612.314
MinimumVisualStudioVersion = 10.0.40219.1
Project("{FAE04EC0-301F-11D3-BF4B-00C04F79EFBC}") = "GroupShapeTransformationMatricesSample", "GroupShapeTransformationMatricesSample\GroupShapeTransformationMatricesSample.csproj", "{32AAF460-C13C-4E9C-9DF6-7FD7214CFD86}"
EndProject
Global
	GlobalSection(SolutionConfigurationPlatforms) = preSolution
		Debug|Any CPU = Debug|Any CPU
		Release|Any CPU = Release|Any CPU
	EndGlobalSection
	GlobalSection(ProjectConfigurationPlatforms) = postSolution
		{32AAF460-C13C-4E9C-9DF6-7FD7214CFD86}.Debug|Any CPU.ActiveCfg = Debug|Any CPU
		{32AAF460-C13C-4E9C-9DF6-7FD7214CFD86}.Debug|Any CPU.Build.0 = Debug|Any CPU
		{32AAF460-C13C-4E9C-9DF6-7FD7214CFD86}.Release|Any CPU.ActiveCfg = Release|Any CPU
		{32AAF460-C13C-4E9C-9DF6-7FD7214CFD86}.Release|Any CPU.Build.0 = Release|Any CPU
	EndGlobalSection
	GlobalSection(SolutionProperties) = preSolution
		HideSolutionNode = FALSE
	EndGlobalSection
	GlobalSection(ExtensibilityGlobals) = postSolution
		SolutionGuid = {B82B6064-930C-4B9F-95F4-199A72094B58}
	EndGlobalSection
EndGlobal
