
Microsoft Visual Studio Solution File, Format Version 12.00
# Visual Studio Version 17
VisualStudioVersion = 17.0.31903.59
MinimumVisualStudioVersion = 10.0.40219.1
Project("{FAE04EC0-301F-11D3-BF4B-00C04F79EFBC}") = "ExpressionSample", "ExpressionSample.csproj", "{337333F4-FD63-4EE5-B50D-49CC58D2DDA4}"
EndProject
Global
	GlobalSection(SolutionConfigurationPlatforms) = preSolution
		Debug|Any CPU = Debug|Any CPU
		Release|Any CPU = Release|Any CPU
	EndGlobalSection
	GlobalSection(ProjectConfigurationPlatforms) = postSolution
		{337333F4-FD63-4EE5-B50D-49CC58D2DDA4}.Debug|Any CPU.ActiveCfg = Debug|Any CPU
		{337333F4-FD63-4EE5-B50D-49CC58D2DDA4}.Debug|Any CPU.Build.0 = Debug|Any CPU
		{337333F4-FD63-4EE5-B50D-49CC58D2DDA4}.Release|Any CPU.ActiveCfg = Release|Any CPU
		{337333F4-FD63-4EE5-B50D-49CC58D2DDA4}.Release|Any CPU.Build.0 = Release|Any CPU
	EndGlobalSection
	GlobalSection(SolutionProperties) = preSolution
		HideSolutionNode = FALSE
	EndGlobalSection
	GlobalSection(ExtensibilityGlobals) = postSolution
		SolutionGuid = {736271AC-2147-4F40-9A52-6F7B818808CD}
	EndGlobalSection
EndGlobal
