
Microsoft Visual Studio Solution File, Format Version 12.00
# Visual Studio Version 17
VisualStudioVersion = 17.0.31903.59
MinimumVisualStudioVersion = 10.0.40219.1
Project("{FAE04EC0-301F-11D3-BF4B-00C04F79EFBC}") = "HttpClientDemo", "HttpClientDemo.csproj", "{0F135BC4-3F07-41EE-B024-7C28B3CFF78A}"
EndProject
Project("{FAE04EC0-301F-11D3-BF4B-00C04F79EFBC}") = "HttpClientFactorySample", "..\HttpClientFactorySample\HttpClientFactorySample.csproj", "{EA9636FF-2C09-4BDA-AD8F-163C2850026D}"
EndProject
Global
	GlobalSection(SolutionConfigurationPlatforms) = preSolution
		Debug|Any CPU = Debug|Any CPU
		Release|Any CPU = Release|Any CPU
	EndGlobalSection
	GlobalSection(ProjectConfigurationPlatforms) = postSolution
		{0F135BC4-3F07-41EE-B024-7C28B3CFF78A}.Debug|Any CPU.ActiveCfg = Debug|Any CPU
		{0F135BC4-3F07-41EE-B024-7C28B3CFF78A}.Debug|Any CPU.Build.0 = Debug|Any CPU
		{0F135BC4-3F07-41EE-B024-7C28B3CFF78A}.Release|Any CPU.ActiveCfg = Release|Any CPU
		{0F135BC4-3F07-41EE-B024-7C28B3CFF78A}.Release|Any CPU.Build.0 = Release|Any CPU
		{EA9636FF-2C09-4BDA-AD8F-163C2850026D}.Debug|Any CPU.ActiveCfg = Debug|Any CPU
		{EA9636FF-2C09-4BDA-AD8F-163C2850026D}.Debug|Any CPU.Build.0 = Debug|Any CPU
		{EA9636FF-2C09-4BDA-AD8F-163C2850026D}.Release|Any CPU.ActiveCfg = Release|Any CPU
		{EA9636FF-2C09-4BDA-AD8F-163C2850026D}.Release|Any CPU.Build.0 = Release|Any CPU
	EndGlobalSection
	GlobalSection(SolutionProperties) = preSolution
		HideSolutionNode = FALSE
	EndGlobalSection
	GlobalSection(ExtensibilityGlobals) = postSolution
		SolutionGuid = {DFE826C9-8E94-470B-80A0-1A2B53925A36}
	EndGlobalSection
EndGlobal
